
Microsoft Visual Studio Solution File, Format Version 12.00
# Visual Studio Version 17
VisualStudioVersion = 17.0.31808.319
MinimumVisualStudioVersion = 10.0.40219.1
Project("{FAE04EC0-301F-11D3-BF4B-00C04F79EFBC}") = "arProgress", "arProgress\arProgress.csproj", "{AE154AEC-3224-4FDD-B40D-6B8F2756E756}"
EndProject
Global
	GlobalSection(SolutionConfigurationPlatforms) = preSolution
		Debug|Any CPU = Debug|Any CPU
		Release|Any CPU = Release|Any CPU
	EndGlobalSection
	GlobalSection(ProjectConfigurationPlatforms) = postSolution
		{AE154AEC-3224-4FDD-B40D-6B8F2756E756}.Debug|Any CPU.ActiveCfg = Debug|Any CPU
		{AE154AEC-3224-4FDD-B40D-6B8F2756E756}.Debug|Any CPU.Build.0 = Debug|Any CPU
		{AE154AEC-3224-4FDD-B40D-6B8F2756E756}.Release|Any CPU.ActiveCfg = Release|Any CPU
		{AE154AEC-3224-4FDD-B40D-6B8F2756E756}.Release|Any CPU.Build.0 = Release|Any CPU
	EndGlobalSection
	GlobalSection(SolutionProperties) = preSolution
		HideSolutionNode = FALSE
	EndGlobalSection
	GlobalSection(ExtensibilityGlobals) = postSolution
		SolutionGuid = {743E7813-E6B0-46C1-B0AC-10C31FE41739}
	EndGlobalSection
EndGlobal
